
Microsoft Visual Studio Solution File, Format Version 12.00
# Visual Studio 15
VisualStudioVersion = 15.0.27703.2035
MinimumVisualStudioVersion = 10.0.40219.1
Project("{FAE04EC0-301F-11D3-BF4B-00C04F79EFBC}") = "Patterns_05", "Patterns_05.csproj", "{0490D1E5-80BD-4A05-A761-6808AB951FE0}"
EndProject
Global
	GlobalSection(SolutionConfigurationPlatforms) = preSolution
		Debug|Any CPU = Debug|Any CPU
		Release|Any CPU = Release|Any CPU
	EndGlobalSection
	GlobalSection(ProjectConfigurationPlatforms) = postSolution
		{0490D1E5-80BD-4A05-A761-6808AB951FE0}.Debug|Any CPU.ActiveCfg = Debug|Any CPU
		{0490D1E5-80BD-4A05-A761-6808AB951FE0}.Debug|Any CPU.Build.0 = Debug|Any CPU
		{0490D1E5-80BD-4A05-A761-6808AB951FE0}.Release|Any CPU.ActiveCfg = Release|Any CPU
		{0490D1E5-80BD-4A05-A761-6808AB951FE0}.Release|Any CPU.Build.0 = Release|Any CPU
	EndGlobalSection
	GlobalSection(SolutionProperties) = preSolution
		HideSolutionNode = FALSE
	EndGlobalSection
	GlobalSection(ExtensibilityGlobals) = postSolution
		SolutionGuid = {E06401A3-7C67-4370-A0CF-C2C56F3502C7}
	EndGlobalSection
EndGlobal
